<Solution>
  <Folder Name="/Task0/">
    <Project Path="Tyuiu.GlukhovaVD.Sprint0.Task0.V0/Tyuiu.GlukhovaVD.Sprint0.Task0.V0.csproj" Id="93bd9abd-eabb-4a49-97f4-d4dd84e8703e" />
  </Folder>
  <Folder Name="/Task1/">
    <Project Path="Tyuiu.GlukhovaVD.Sprint0/Tyuiu.GlukhovaVD.Sprint0.csproj" />
  </Folder>
  <Folder Name="/Task2/">
    <Project Path="Tyuiu.GlukhovaVD.Sprint0.Task2.V0.Lib/Tyuiu.GlukhovaVD.Sprint0.Task2.V0.Lib.csproj" Id="c646e041-7574-4897-969d-6901023128b7" />
    <Project Path="Tyuiu.GlukhovaVD.Sprint0.Task2.V0.Test/Tyuiu.GlukhovaVD.Sprint0.Task2.V0.Test.csproj" Id="0aa1bd44-3b16-4365-8111-b159072ea08d" />
    <Project Path="Tyuiu.GlukhovaVD.Sprint0.Task2.V0/Tyuiu.GlukhovaVD.Sprint0.Task2.V0.csproj" Id="1f111342-e5cf-41e0-b3e4-3d52928d95ca" />
  </Folder>
  <Folder Name="/Task3/">
    <Project Path="Tyuiu.GlukhovaVD.Sprint0.Task3.V0.Lib/Tyuiu.GlukhovaVD.Sprint0.Task3.V0.Lib.csproj" Id="c1036c1f-56aa-4027-9802-496e56b06b67" />
    <Project Path="Tyuiu.GlukhovaVD.Sprint0.Task3.V0.Test/Tyuiu.GlukhovaVD.Sprint0.Task3.V0.Test.csproj" Id="c4746469-bfbb-49dc-8047-f42ccd4fb181" />
    <Project Path="Tyuiu.GlukhovaVD.Sprint0.Task3.V0/Tyuiu.GlukhovaVD.Sprint0.Task3.V0.csproj" Id="2be12bb8-5100-419b-94dd-e4fa744f044b" />
  </Folder>
  <Folder Name="/Task4/">
    <Project Path="Tyuiu.GlukhovaVD.Sprint0.Task4.V0.Lib/Tyuiu.GlukhovaVD.Sprint0.Task4.V0.Lib.csproj" Id="9b213ea9-f2d7-4b11-8d60-14e5404c7bb4" />
    <Project Path="Tyuiu.GlukhovaVD.Sprint0.Task4.V0.Test/Tyuiu.GlukhovaVD.Sprint0.Task4.V0.Test.csproj" Id="0f9f2b25-6d46-4c34-a782-d40ebb58e4f8" />
    <Project Path="Tyuiu.GlukhovaVD.Sprint0.Task4.V0/Tyuiu.GlukhovaVD.Sprint0.Task4.V0.csproj" Id="d66eaf95-0449-4bbe-93b0-55f49dc10027" />
  </Folder>
  <Folder Name="/Task5/">
    <Project Path="Tyuiu.GlukhovaVD.Sprint0.Task5.V0.Lib/Tyuiu.GlukhovaVD.Sprint0.Task5.V0.Lib.csproj" Id="17ef2c4b-a4b6-47cb-859f-70fbfc070e88" />
    <Project Path="Tyuiu.GlukhovaVD.Sprint0.Task5.V0.Test/Tyuiu.GlukhovaVD.Sprint0.Task5.V0.Test.csproj" Id="d7f49328-bc5d-4035-b6f6-357656a27dc3" />
    <Project Path="Tyuiu.GlukhovaVD.Sprint0.Task5.V0/Tyuiu.GlukhovaVD.Sprint0.Task5.V0.csproj" Id="1b0b4234-7a82-43b2-a7a4-c66da56bad43" />
  </Folder>
  <Folder Name="/Task6/">
    <Project Path="Tyuiu.GlukhovaVD.Sprint0.Task6.V0.Lib/Tyuiu.GlukhovaVD.Sprint0.Task6.V0.Lib.csproj" Id="38d539d2-a1d5-4ef0-86dc-3296d6184371" />
    <Project Path="Tyuiu.GlukhovaVD.Sprint0.Task6.V0.Test/Tyuiu.GlukhovaVD.Sprint0.Task6.V0.Test.csproj" Id="b9a961a5-b738-4453-9d14-00e513a36e43" />
    <Project Path="Tyuiu.GlukhovaVD.Sprint0.Task6.V0/Tyuiu.GlukhovaVD.Sprint0.Task6.V0.csproj" Id="a1591ce2-1de1-44ab-98a0-c5cffce0539e" />
  </Folder>
  <Folder Name="/Task7/">
    <Project Path="Tyuiu.GlukhovaVD.Sprint0.Task7.V0.Lib/Tyuiu.GlukhovaVD.Sprint0.Task7.V0.Lib.csproj" Id="43a24e39-763b-405a-b0ef-8db28013e0ef" />
    <Project Path="Tyuiu.GlukhovaVD.Sprint0.Task7.V0.Test/Tyuiu.GlukhovaVD.Sprint0.Task7.V0.Test.csproj" Id="50ebfc21-e836-4ed4-8b67-21cc34e370fb" />
    <Project Path="Tyuiu.GlukhovaVD.Sprint0.Task7.V0/Tyuiu.GlukhovaVD.Sprint0.Task7.V0.csproj" Id="614348a2-68e1-4e23-93cd-669eb707805d" />
  </Folder>
</Solution>
